// !$*UTF8*$!
{
	archiveVersion = 1;
	classes = {
	};
	objectVersion = 50;
	objects = {

/* Begin PBXBuildFile section */
		0C248A78253F438100C93254 /* AppDelegate.swift in Sources */ = {isa = PBXBuildFile; fileRef = 0C248A77253F438100C93254 /* AppDelegate.swift */; };
		0C248A7A253F438100C93254 /* SceneDelegate.swift in Sources */ = {isa = PBXBuildFile; fileRef = 0C248A79253F438100C93254 /* SceneDelegate.swift */; };
		0C248A7F253F438100C93254 /* Main.storyboard in Resources */ = {isa = PBXBuildFile; fileRef = 0C248A7D253F438100C93254 /* Main.storyboard */; };
		0C248A82253F438100C93254 /* HotCoffee.xcdatamodeld in Sources */ = {isa = PBXBuildFile; fileRef = 0C248A80253F438100C93254 /* HotCoffee.xcdatamodeld */; };
		0C248A84253F438800C93254 /* Assets.xcassets in Resources */ = {isa = PBXBuildFile; fileRef = 0C248A83253F438800C93254 /* Assets.xcassets */; };
		0C248A87253F438800C93254 /* LaunchScreen.storyboard in Resources */ = {isa = PBXBuildFile; fileRef = 0C248A85253F438800C93254 /* LaunchScreen.storyboard */; };
		0C248A93253F45A900C93254 /* OrdersTableViewController.swift in Sources */ = {isa = PBXBuildFile; fileRef = 0C248A92253F45A800C93254 /* OrdersTableViewController.swift */; };
		0C248A96253F45F400C93254 /* NewOrderViewController.swift in Sources */ = {isa = PBXBuildFile; fileRef = 0C248A95253F45F400C93254 /* NewOrderViewController.swift */; };
		0CD3A61B25905E9F001A0B22 /* WebService.swift in Sources */ = {isa = PBXBuildFile; fileRef = 0CD3A61A25905E9F001A0B22 /* WebService.swift */; };
/* End PBXBuildFile section */

/* Begin PBXFileReference section */
		0C248A74253F438100C93254 /* HotCoffee.app */ = {isa = PBXFileReference; explicitFileType = wrapper.application; includeInIndex = 0; path = HotCoffee.app; sourceTree = BUILT_PRODUCTS_DIR; };
		0C248A77253F438100C93254 /* AppDelegate.swift */ = {isa = PBXFileReference; lastKnownFileType = sourcecode.swift; path = AppDelegate.swift; sourceTree = "<group>"; };
		0C248A79253F438100C93254 /* SceneDelegate.swift */ = {isa = PBXFileReference; lastKnownFileType = sourcecode.swift; path = SceneDelegate.swift; sourceTree = "<group>"; };
		0C248A7E253F438100C93254 /* Base */ = {isa = PBXFileReference; lastKnownFileType = file.storyboard; name = Base; path = Base.lproj/Main.storyboard; sourceTree = "<group>"; };
		0C248A81253F438100C93254 /* HotCoffee.xcdatamodel */ = {isa = PBXFileReference; lastKnownFileType = wrapper.xcdatamodel; path = HotCoffee.xcdatamodel; sourceTree = "<group>"; };
		0C248A83253F438800C93254 /* Assets.xcassets */ = {isa = PBXFileReference; lastKnownFileType = folder.assetcatalog; path = Assets.xcassets; sourceTree = "<group>"; };
		0C248A86253F438800C93254 /* Base */ = {isa = PBXFileReference; lastKnownFileType = file.storyboard; name = Base; path = Base.lproj/LaunchScreen.storyboard; sourceTree = "<group>"; };
		0C248A88253F438800C93254 /* Info.plist */ = {isa = PBXFileReference; lastKnownFileType = text.plist.xml; path = Info.plist; sourceTree = "<group>"; };
		0C248A92253F45A800C93254 /* OrdersTableViewController.swift */ = {isa = PBXFileReference; lastKnownFileType = sourcecode.swift; path = OrdersTableViewController.swift; sourceTree = "<group>"; };
		0C248A95253F45F400C93254 /* NewOrderViewController.swift */ = {isa = PBXFileReference; lastKnownFileType = sourcecode.swift; path = NewOrderViewController.swift; sourceTree = "<group>"; };
		0CD3A61A25905E9F001A0B22 /* WebService.swift */ = {isa = PBXFileReference; lastKnownFileType = sourcecode.swift; path = WebService.swift; sourceTree = "<group>"; };
/* End PBXFileReference section */

/* Begin PBXFrameworksBuildPhase section */
		0C248A71253F438000C93254 /* Frameworks */ = {
			isa = PBXFrameworksBuildPhase;
			buildActionMask = 2147483647;
			files = (
			);
			runOnlyForDeploymentPostprocessing = 0;
		};
/* End PBXFrameworksBuildPhase section */

/* Begin PBXGroup section */
		0C248A6B253F438000C93254 = {
			isa = PBXGroup;
			children = (
				0C248A76253F438100C93254 /* HotCoffee */,
				0C248A75253F438100C93254 /* Products */,
			);
			sourceTree = "<group>";
		};
		0C248A75253F438100C93254 /* Products */ = {
			isa = PBXGroup;
			children = (
				0C248A74253F438100C93254 /* HotCoffee.app */,
			);
			name = Products;
			sourceTree = "<group>";
		};
		0C248A76253F438100C93254 /* HotCoffee */ = {
			isa = PBXGroup;
			children = (
				0CD3A61925905E83001A0B22 /* Services */,
				0C248A90253F445700C93254 /* Controller */,
				0C248A77253F438100C93254 /* AppDelegate.swift */,
				0C248A79253F438100C93254 /* SceneDelegate.swift */,
				0C248A7D253F438100C93254 /* Main.storyboard */,
				0C248A83253F438800C93254 /* Assets.xcassets */,
				0C248A85253F438800C93254 /* LaunchScreen.storyboard */,
				0C248A88253F438800C93254 /* Info.plist */,
				0C248A80253F438100C93254 /* HotCoffee.xcdatamodeld */,
			);
			path = HotCoffee;
			sourceTree = "<group>";
		};
		0C248A90253F445700C93254 /* Controller */ = {
			isa = PBXGroup;
			children = (
				0C248A92253F45A800C93254 /* OrdersTableViewController.swift */,
				0C248A95253F45F400C93254 /* NewOrderViewController.swift */,
			);
			path = Controller;
			sourceTree = "<group>";
		};
		0CD3A61925905E83001A0B22 /* Services */ = {
			isa = PBXGroup;
			children = (
				0CD3A61A25905E9F001A0B22 /* WebService.swift */,
			);
			path = Services;
			sourceTree = "<group>";
		};
/* End PBXGroup section */

/* Begin PBXNativeTarget section */
		0C248A73253F438000C93254 /* HotCoffee */ = {
			isa = PBXNativeTarget;
			buildConfigurationList = 0C248A8B253F438800C93254 /* Build configuration list for PBXNativeTarget "HotCoffee" */;
			buildPhases = (
				0C248A70253F438000C93254 /* Sources */,
				0C248A71253F438000C93254 /* Frameworks */,
				0C248A72253F438000C93254 /* Resources */,
			);
			buildRules = (
			);
			dependencies = (
			);
			name = HotCoffee;
			productName = HotCoffee;
			productReference = 0C248A74253F438100C93254 /* HotCoffee.app */;
			productType = "com.apple.product-type.application";
		};
/* End PBXNativeTarget section */

/* Begin PBXProject section */
		0C248A6C253F438000C93254 /* Project object */ = {
			isa = PBXProject;
			attributes = {
				LastSwiftUpdateCheck = 1200;
				LastUpgradeCheck = 1200;
				TargetAttributes = {
					0C248A73253F438000C93254 = {
						CreatedOnToolsVersion = 12.0.1;
					};
				};
			};
			buildConfigurationList = 0C248A6F253F438000C93254 /* Build configuration list for PBXProject "HotCoffee" */;
			compatibilityVersion = "Xcode 9.3";
			developmentRegion = en;
			hasScannedForEncodings = 0;
			knownRegions = (
				en,
				Base,
			);
			mainGroup = 0C248A6B253F438000C93254;
			productRefGroup = 0C248A75253F438100C93254 /* Products */;
			projectDirPath = "";
			projectRoot = "";
			targets = (
				0C248A73253F438000C93254 /* HotCoffee */,
			);
		};
/* End PBXProject section */

/* Begin PBXResourcesBuildPhase section */
		0C248A72253F438000C93254 /* Resources */ = {
			isa = PBXResourcesBuildPhase;
			buildActionMask = 2147483647;
			files = (
				0C248A87253F438800C93254 /* LaunchScreen.storyboard in Resources */,
				0C248A84253F438800C93254 /* Assets.xcassets in Resources */,
				0C248A7F253F438100C93254 /* Main.storyboard in Resources */,
			);
			runOnlyForDeploymentPostprocessing = 0;
		};
/* End PBXResourcesBuildPhase section */

/* Begin PBXSourcesBuildPhase section */
		0C248A70253F438000C93254 /* Sources */ = {
			isa = PBXSourcesBuildPhase;
			buildActionMask = 2147483647;
			files = (
				0CD3A61B25905E9F001A0B22 /* WebService.swift in Sources */,
				0C248A93253F45A900C93254 /* OrdersTableViewController.swift in Sources */,
				0C248A82253F438100C93254 /* HotCoffee.xcdatamodeld in Sources */,
				0C248A78253F438100C93254 /* AppDelegate.swift in Sources */,
				0C248A7A253F438100C93254 /* SceneDelegate.swift in Sources */,
				0C248A96253F45F400C93254 /* NewOrderViewController.swift in Sources */,
			);
			runOnlyForDeploymentPostprocessing = 0;
		};
/* End PBXSourcesBuildPhase section */

/* Begin PBXVariantGroup section */
		0C248A7D253F438100C93254 /* Main.storyboard */ = {
			isa = PBXVariantGroup;
			children = (
				0C248A7E253F438100C93254 /* Base */,
			);
			name = Main.storyboard;
			sourceTree = "<group>";
		};
		0C248A85253F438800C93254 /* LaunchScreen.storyboard */ = {
			isa = PBXVariantGroup;
			children = (
				0C248A86253F438800C93254 /* Base */,
			);
			name = LaunchScreen.storyboard;
			sourceTree = "<group>";
		};
/* End PBXVariantGroup section */

/* Begin XCBuildConfiguration section */
		0C248A89253F438800C93254 /* Debug */ = {
			isa = XCBuildConfiguration;
			buildSettings = {
				ALWAYS_SEARCH_USER_PATHS = NO;
				CLANG_ANALYZER_NONNULL = YES;
				CLANG_ANALYZER_NUMBER_OBJECT_CONVERSION = YES_AGGRESSIVE;
				CLANG_CXX_LANGUAGE_STANDARD = "gnu++14";
				CLANG_CXX_LIBRARY = "libc++";
				CLANG_ENABLE_MODULES = YES;
				CLANG_ENABLE_OBJC_ARC = YES;
				CLANG_ENABLE_OBJC_WEAK = YES;
				CLANG_WARN_BLOCK_CAPTURE_AUTORELEASING = YES;
				CLANG_WARN_BOOL_CONVERSION = YES;
				CLANG_WARN_COMMA = YES;
				CLANG_WARN_CONSTANT_CONVERSION = YES;
				CLANG_WARN_DEPRECATED_OBJC_IMPLEMENTATIONS = YES;
				CLANG_WARN_DIRECT_OBJC_ISA_USAGE = YES_ERROR;
				CLANG_WARN_DOCUMENTATION_COMMENTS = YES;
				CLANG_WARN_EMPTY_BODY = YES;
				CLANG_WARN_ENUM_CONVERSION = YES;
				CLANG_WARN_INFINITE_RECURSION = YES;
				CLANG_WARN_INT_CONVERSION = YES;
				CLANG_WARN_NON_LITERAL_NULL_CONVERSION = YES;
				CLANG_WARN_OBJC_IMPLICIT_RETAIN_SELF = YES;
				CLANG_WARN_OBJC_LITERAL_CONVERSION = YES;
				CLANG_WARN_OBJC_ROOT_CLASS = YES_ERROR;
				CLANG_WARN_QUOTED_INCLUDE_IN_FRAMEWORK_HEADER = YES;
				CLANG_WARN_RANGE_LOOP_ANALYSIS = YES;
				CLANG_WARN_STRICT_PROTOTYPES = YES;
				CLANG_WARN_SUSPICIOUS_MOVE = YES;
				CLANG_WARN_UNGUARDED_AVAILABILITY = YES_AGGRESSIVE;
				CLANG_WARN_UNREACHABLE_CODE = YES;
				CLANG_WARN__DUPLICATE_METHOD_MATCH = YES;
				COPY_PHASE_STRIP = NO;
				DEBUG_INFORMATION_FORMAT = dwarf;
				ENABLE_STRICT_OBJC_MSGSEND = YES;
				ENABLE_TESTABILITY = YES;
				GCC_C_LANGUAGE_STANDARD = gnu11;
				GCC_DYNAMIC_NO_PIC = NO;
				GCC_NO_COMMON_BLOCKS = YES;
				GCC_OPTIMIZATION_LEVEL = 0;
				GCC_PREPROCESSOR_DEFINITIONS = (
					"DEBUG=1",
					"$(inherited)",
				);
				GCC_WARN_64_TO_32_BIT_CONVERSION = YES;
				GCC_WARN_ABOUT_RETURN_TYPE = YES_ERROR;
				GCC_WARN_UNDECLARED_SELECTOR = YES;
				GCC_WARN_UNINITIALIZED_AUTOS = YES_AGGRESSIVE;
				GCC_WARN_UNUSED_FUNCTION = YES;
				GCC_WARN_UNUSED_VARIABLE = YES;
				IPHONEOS_DEPLOYMENT_TARGET = 14.0;
				MTL_ENABLE_DEBUG_INFO = INCLUDE_SOURCE;
				MTL_FAST_MATH = YES;
				ONLY_ACTIVE_ARCH = YES;
				SDKROOT = iphoneos;
				SWIFT_ACTIVE_COMPILATION_CONDITIONS = DEBUG;
				SWIFT_OPTIMIZATION_LEVEL = "-Onone";
			};
			name = Debug;
		};
		0C248A8A253F438800C93254 /* Release */ = {
			isa = XCBuildConfiguration;
			buildSettings = {
				ALWAYS_SEARCH_USER_PATHS = NO;
				CLANG_ANALYZER_NONNULL = YES;
				CLANG_ANALYZER_NUMBER_OBJECT_CONVERSION = YES_AGGRESSIVE;
				CLANG_CXX_LANGUAGE_STANDARD = "gnu++14";
				CLANG_CXX_LIBRARY = "libc++";
				CLANG_ENABLE_MODULES = YES;
				CLANG_ENABLE_OBJC_ARC = YES;
				CLANG_ENABLE_OBJC_WEAK = YES;
				CLANG_WARN_BLOCK_CAPTURE_AUTORELEASING = YES;
				CLANG_WARN_BOOL_CONVERSION = YES;
				CLANG_WARN_COMMA = YES;
				CLANG_WARN_CONSTANT_CONVERSION = YES;
				CLANG_WARN_DEPRECATED_OBJC_IMPLEMENTATIONS = YES;
				CLANG_WARN_DIRECT_OBJC_ISA_USAGE = YES_ERROR;
				CLANG_WARN_DOCUMENTATION_COMMENTS = YES;
				CLANG_WARN_EMPTY_BODY = YES;
				CLANG_WARN_ENUM_CONVERSION = YES;
				CLANG_WARN_INFINITE_RECURSION = YES;
				CLANG_WARN_INT_CONVERSION = YES;
				CLANG_WARN_NON_LITERAL_NULL_CONVERSION = YES;
				CLANG_WARN_OBJC_IMPLICIT_RETAIN_SELF = YES;
				CLANG_WARN_OBJC_LITERAL_CONVERSION = YES;
				CLANG_WARN_OBJC_ROOT_CLASS = YES_ERROR;
				CLANG_WARN_QUOTED_INCLUDE_IN_FRAMEWORK_HEADER = YES;
				CLANG_WARN_RANGE_LOOP_ANALYSIS = YES;
				CLANG_WARN_STRICT_PROTOTYPES = YES;
				CLANG_WARN_SUSPICIOUS_MOVE = YES;
				CLANG_WARN_UNGUARDED_AVAILABILITY = YES_AGGRESSIVE;
				CLANG_WARN_UNREACHABLE_CODE = YES;
				CLANG_WARN__DUPLICATE_METHOD_MATCH = YES;
				COPY_PHASE_STRIP = NO;
				DEBUG_INFORMATION_FORMAT = "dwarf-with-dsym";
				ENABLE_NS_ASSERTIONS = NO;
				ENABLE_STRICT_OBJC_MSGSEND = YES;
				GCC_C_LANGUAGE_STANDARD = gnu11;
				GCC_NO_COMMON_BLOCKS = YES;
				GCC_WARN_64_TO_32_BIT_CONVERSION = YES;
				GCC_WARN_ABOUT_RETURN_TYPE = YES_ERROR;
				GCC_WARN_UNDECLARED_SELECTOR = YES;
				GCC_WARN_UNINITIALIZED_AUTOS = YES_AGGRESSIVE;
				GCC_WARN_UNUSED_FUNCTION = YES;
				GCC_WARN_UNUSED_VARIABLE = YES;
				IPHONEOS_DEPLOYMENT_TARGET = 14.0;
				MTL_ENABLE_DEBUG_INFO = NO;
				MTL_FAST_MATH = YES;
				SDKROOT = iphoneos;
				SWIFT_COMPILATION_MODE = wholemodule;
				SWIFT_OPTIMIZATION_LEVEL = "-O";
				VALIDATE_PRODUCT = YES;
			};
			name = Release;
		};
		0C248A8C253F438800C93254 /* Debug */ = {
			isa = XCBuildConfiguration;
			buildSettings = {
				ASSETCATALOG_COMPILER_APPICON_NAME = AppIcon;
				ASSETCATALOG_COMPILER_GLOBAL_ACCENT_COLOR_NAME = AccentColor;
				CODE_SIGN_STYLE = Automatic;
				DEVELOPMENT_TEAM = 3MF3X44AK3;
				INFOPLIST_FILE = HotCoffee/Info.plist;
				LD_RUNPATH_SEARCH_PATHS = (
					"$(inherited)",
					"@executable_path/Frameworks",
				);
				PRODUCT_BUNDLE_IDENTIFIER = com.RiadMohamed.HotCoffee;
				PRODUCT_NAME = "$(TARGET_NAME)";
				SWIFT_VERSION = 5.0;
				TARGETED_DEVICE_FAMILY = "1,2";
			};
			name = Debug;
		};
		0C248A8D253F438800C93254 /* Release */ = {
			isa = XCBuildConfiguration;
			buildSettings = {
				ASSETCATALOG_COMPILER_APPICON_NAME = AppIcon;
				ASSETCATALOG_COMPILER_GLOBAL_ACCENT_COLOR_NAME = AccentColor;
				CODE_SIGN_STYLE = Automatic;
				DEVELOPMENT_TEAM = 3MF3X44AK3;
				INFOPLIST_FILE = HotCoffee/Info.plist;
				LD_RUNPATH_SEARCH_PATHS = (
					"$(inherited)",
					"@executable_path/Frameworks",
				);
				PRODUCT_BUNDLE_IDENTIFIER = com.RiadMohamed.HotCoffee;
				PRODUCT_NAME = "$(TARGET_NAME)";
				SWIFT_VERSION = 5.0;
				TARGETED_DEVICE_FAMILY = "1,2";
			};
			name = Release;
		};
/* End XCBuildConfiguration section */

/* Begin XCConfigurationList section */
		0C248A6F253F438000C93254 /* Build configuration list for PBXProject "HotCoffee" */ = {
			isa = XCConfigurationList;
			buildConfigurations = (
				0C248A89253F438800C93254 /* Debug */,
				0C248A8A253F438800C93254 /* Release */,
			);
			defaultConfigurationIsVisible = 0;
			defaultConfigurationName = Release;
		};
		0C248A8B253F438800C93254 /* Build configuration list for PBXNativeTarget "HotCoffee" */ = {
			isa = XCConfigurationList;
			buildConfigurations = (
				0C248A8C253F438800C93254 /* Debug */,
				0C248A8D253F438800C93254 /* Release */,
			);
			defaultConfigurationIsVisible = 0;
			defaultConfigurationName = Release;
		};
/* End XCConfigurationList section */

/* Begin XCVersionGroup section */
		0C248A80253F438100C93254 /* HotCoffee.xcdatamodeld */ = {
			isa = XCVersionGroup;
			children = (
				0C248A81253F438100C93254 /* HotCoffee.xcdatamodel */,
			);
			currentVersion = 0C248A81253F438100C93254 /* HotCoffee.xcdatamodel */;
			path = HotCoffee.xcdatamodeld;
			sourceTree = "<group>";
			versionGroupType = wrapper.xcdatamodel;
		};
/* End XCVersionGroup section */
	};
	rootObject = 0C248A6C253F438000C93254 /* Project object */;
}
